
Microsoft Visual Studio Solution File, Format Version 12.00
# Visual Studio Version 16
VisualStudioVersion = 16.0.29609.76
MinimumVisualStudioVersion = 10.0.40219.1
Project("{9A19103F-16F7-4668-BE54-9A1E7A4F7556}") = "Catalogo_GitHub", "Catalogo_GitHub\Catalogo_GitHub.csproj", "{AC891524-A49D-4B07-9709-D9586AFB916F}"
EndProject
Global
	GlobalSection(SolutionConfigurationPlatforms) = preSolution
		Debug|Any CPU = Debug|Any CPU
		Release|Any CPU = Release|Any CPU
	EndGlobalSection
	GlobalSection(ProjectConfigurationPlatforms) = postSolution
		{AC891524-A49D-4B07-9709-D9586AFB916F}.Debug|Any CPU.ActiveCfg = Debug|Any CPU
		{AC891524-A49D-4B07-9709-D9586AFB916F}.Debug|Any CPU.Build.0 = Debug|Any CPU
		{AC891524-A49D-4B07-9709-D9586AFB916F}.Release|Any CPU.ActiveCfg = Release|Any CPU
		{AC891524-A49D-4B07-9709-D9586AFB916F}.Release|Any CPU.Build.0 = Release|Any CPU
	EndGlobalSection
	GlobalSection(SolutionProperties) = preSolution
		HideSolutionNode = FALSE
	EndGlobalSection
	GlobalSection(ExtensibilityGlobals) = postSolution
		SolutionGuid = {11205987-366E-460A-B48E-767914811C44}
	EndGlobalSection
EndGlobal
